<?xml version="1.0" encoding="UTF-8"?>
<Scheme
   LastUpgradeVersion = "0800"
   version = "1.3">
   <BuildAction
      parallelizeBuildables = "YES"
      buildImplicitDependencies = "YES">
      <BuildActionEntries>
         <BuildActionEntry
            buildForTesting = "YES"
            buildForRunning = "YES"
            buildForProfiling = "YES"
            buildForArchiving = "YES"
            buildForAnalyzing = "YES">
            <BuildableReference
               BuildableIdentifier = "primary"
               BlueprintIdentifier = "166E64E61DBF3B43004A9D3F"
               BuildableName = "UITableViewCell&#x7684;&#x5c55;&#x5f00;&#x3001;&#x6536;&#x8d77;&#x548c;&#x591a;&#x5c42;&#x7ea7;cell.app"
               BlueprintName = "UITableViewCell&#x7684;&#x5c55;&#x5f00;&#x3001;&#x6536;&#x8d77;&#x548c;&#x591a;&#x5c42;&#x7ea7;cell"
               ReferencedContainer = "container:UITableViewCell&#x7684;&#x5c55;&#x5f00;&#x3001;&#x6536;&#x8d77;&#x548c;&#x591a;&#x5c42;&#x7ea7;cell.xcodeproj">
            </BuildableReference>
         </BuildActionEntry>
      </BuildActionEntries>
   </BuildAction>
   <TestAction
      buildConfiguration = "Debug"
      selectedDebuggerIdentifier = "Xcode.DebuggerFoundation.Debugger.LLDB"
      selectedLauncherIdentifier = "Xcode.DebuggerFoundation.Launcher.LLDB"
      shouldUseLaunchSchemeArgsEnv = "YES">
      <Testables>
      </Testables>
      <MacroExpansion>
         <BuildableReference
            BuildableIdentifier = "primary"
            BlueprintIdentifier = "166E64E61DBF3B43004A9D3F"
            BuildableName = "UITableViewCell&#x7684;&#x5c55;&#x5f00;&#x3001;&#x6536;&#x8d77;&#x548c;&#x591a;&#x5c42;&#x7ea7;cell.app"
            BlueprintName = "UITableViewCell&#x7684;&#x5c55;&#x5f00;&#x3001;&#x6536;&#x8d77;&#x548c;&#x591a;&#x5c42;&#x7ea7;cell"
            ReferencedContainer = "container:UITableViewCell&#x7684;&#x5c55;&#x5f00;&#x3001;&#x6536;&#x8d77;&#x548c;&#x591a;&#x5c42;&#x7ea7;cell.xcodeproj">
         </BuildableReference>
      </MacroExpansion>
      <AdditionalOptions>
      </AdditionalOptions>
   </TestAction>
   <LaunchAction
      buildConfiguration = "Debug"
      selectedDebuggerIdentifier = "Xcode.DebuggerFoundation.Debugger.LLDB"
      selectedLauncherIdentifier = "Xcode.DebuggerFoundation.Launcher.LLDB"
      launchStyle = "0"
      useCustomWorkingDirectory = "NO"
      ignoresPersistentStateOnLaunch = "NO"
      debugDocumentVersioning = "YES"
      debugServiceExtension = "internal"
      allowLocationSimulation = "YES">
      <BuildableProductRunnable
         runnableDebuggingMode = "0">
         <BuildableReference
            BuildableIdentifier = "primary"
            BlueprintIdentifier = "166E64E61DBF3B43004A9D3F"
            BuildableName = "UITableViewCell&#x7684;&#x5c55;&#x5f00;&#x3001;&#x6536;&#x8d77;&#x548c;&#x591a;&#x5c42;&#x7ea7;cell.app"
            BlueprintName = "UITableViewCell&#x7684;&#x5c55;&#x5f00;&#x3001;&#x6536;&#x8d77;&#x548c;&#x591a;&#x5c42;&#x7ea7;cell"
            ReferencedContainer = "container:UITableViewCell&#x7684;&#x5c55;&#x5f00;&#x3001;&#x6536;&#x8d77;&#x548c;&#x591a;&#x5c42;&#x7ea7;cell.xcodeproj">
         </BuildableReference>
      </BuildableProductRunnable>
      <AdditionalOptions>
      </AdditionalOptions>
   </LaunchAction>
   <ProfileAction
      buildConfiguration = "Release"
      shouldUseLaunchSchemeArgsEnv = "YES"
      savedToolIdentifier = ""
      useCustomWorkingDirectory = "NO"
      debugDocumentVersioning = "YES">
      <BuildableProductRunnable
         runnableDebuggingMode = "0">
         <BuildableReference
            BuildableIdentifier = "primary"
            BlueprintIdentifier = "166E64E61DBF3B43004A9D3F"
            BuildableName = "UITableViewCell&#x7684;&#x5c55;&#x5f00;&#x3001;&#x6536;&#x8d77;&#x548c;&#x591a;&#x5c42;&#x7ea7;cell.app"
            BlueprintName = "UITableViewCell&#x7684;&#x5c55;&#x5f00;&#x3001;&#x6536;&#x8d77;&#x548c;&#x591a;&#x5c42;&#x7ea7;cell"
            ReferencedContainer = "container:UITableViewCell&#x7684;&#x5c55;&#x5f00;&#x3001;&#x6536;&#x8d77;&#x548c;&#x591a;&#x5c42;&#x7ea7;cell.xcodeproj">
         </BuildableReference>
      </BuildableProductRunnable>
   </ProfileAction>
   <AnalyzeAction
      buildConfiguration = "Debug">
   </AnalyzeAction>
   <ArchiveAction
      buildConfiguration = "Release"
      revealArchiveInOrganizer = "YES">
   </ArchiveAction>
</Scheme>
