// !$*UTF8*$!
{
	archiveVersion = 1;
	classes = {
	};
	objectVersion = 46;
	objects = {

/* Begin PBXBuildFile section */
		166E64EC1DBF3B43004A9D3F /* main.m in Sources */ = {isa = PBXBuildFile; fileRef = 166E64EB1DBF3B43004A9D3F /* main.m */; };
		166E64EF1DBF3B43004A9D3F /* AppDelegate.m in Sources */ = {isa = PBXBuildFile; fileRef = 166E64EE1DBF3B43004A9D3F /* AppDelegate.m */; };
		166E64F21DBF3B43004A9D3F /* ViewController.m in Sources */ = {isa = PBXBuildFile; fileRef = 166E64F11DBF3B43004A9D3F /* ViewController.m */; };
		166E64F51DBF3B43004A9D3F /* Main.storyboard in Resources */ = {isa = PBXBuildFile; fileRef = 166E64F31DBF3B43004A9D3F /* Main.storyboard */; };
		166E64F71DBF3B43004A9D3F /* Assets.xcassets in Resources */ = {isa = PBXBuildFile; fileRef = 166E64F61DBF3B43004A9D3F /* Assets.xcassets */; };
		166E64FA1DBF3B43004A9D3F /* LaunchScreen.storyboard in Resources */ = {isa = PBXBuildFile; fileRef = 166E64F81DBF3B43004A9D3F /* LaunchScreen.storyboard */; };
/* End PBXBuildFile section */

/* Begin PBXFileReference section */
		166E64E71DBF3B43004A9D3F /* UITableViewCell的展开、收起和多层级cell.app */ = {isa = PBXFileReference; explicitFileType = wrapper.application; includeInIndex = 0; path = "UITableViewCell的展开、收起和多层级cell.app"; sourceTree = BUILT_PRODUCTS_DIR; };
		166E64EB1DBF3B43004A9D3F /* main.m */ = {isa = PBXFileReference; lastKnownFileType = sourcecode.c.objc; path = main.m; sourceTree = "<group>"; };
		166E64ED1DBF3B43004A9D3F /* AppDelegate.h */ = {isa = PBXFileReference; lastKnownFileType = sourcecode.c.h; path = AppDelegate.h; sourceTree = "<group>"; };
		166E64EE1DBF3B43004A9D3F /* AppDelegate.m */ = {isa = PBXFileReference; lastKnownFileType = sourcecode.c.objc; path = AppDelegate.m; sourceTree = "<group>"; };
		166E64F01DBF3B43004A9D3F /* ViewController.h */ = {isa = PBXFileReference; lastKnownFileType = sourcecode.c.h; path = ViewController.h; sourceTree = "<group>"; };
		166E64F11DBF3B43004A9D3F /* ViewController.m */ = {isa = PBXFileReference; lastKnownFileType = sourcecode.c.objc; path = ViewController.m; sourceTree = "<group>"; };
		166E64F41DBF3B43004A9D3F /* Base */ = {isa = PBXFileReference; lastKnownFileType = file.storyboard; name = Base; path = Base.lproj/Main.storyboard; sourceTree = "<group>"; };
		166E64F61DBF3B43004A9D3F /* Assets.xcassets */ = {isa = PBXFileReference; lastKnownFileType = folder.assetcatalog; path = Assets.xcassets; sourceTree = "<group>"; };
		166E64F91DBF3B43004A9D3F /* Base */ = {isa = PBXFileReference; lastKnownFileType = file.storyboard; name = Base; path = Base.lproj/LaunchScreen.storyboard; sourceTree = "<group>"; };
		166E64FB1DBF3B43004A9D3F /* Info.plist */ = {isa = PBXFileReference; lastKnownFileType = text.plist.xml; path = Info.plist; sourceTree = "<group>"; };
/* End PBXFileReference section */

/* Begin PBXFrameworksBuildPhase section */
		166E64E41DBF3B43004A9D3F /* Frameworks */ = {
			isa = PBXFrameworksBuildPhase;
			buildActionMask = 2147483647;
			files = (
			);
			runOnlyForDeploymentPostprocessing = 0;
		};
/* End PBXFrameworksBuildPhase section */

/* Begin PBXGroup section */
		166E64DE1DBF3B43004A9D3F = {
			isa = PBXGroup;
			children = (
				166E64E91DBF3B43004A9D3F /* UITableViewCell的展开、收起和多层级cell */,
				166E64E81DBF3B43004A9D3F /* Products */,
			);
			sourceTree = "<group>";
		};
		166E64E81DBF3B43004A9D3F /* Products */ = {
			isa = PBXGroup;
			children = (
				166E64E71DBF3B43004A9D3F /* UITableViewCell的展开、收起和多层级cell.app */,
			);
			name = Products;
			sourceTree = "<group>";
		};
		166E64E91DBF3B43004A9D3F /* UITableViewCell的展开、收起和多层级cell */ = {
			isa = PBXGroup;
			children = (
				166E64ED1DBF3B43004A9D3F /* AppDelegate.h */,
				166E64EE1DBF3B43004A9D3F /* AppDelegate.m */,
				166E64F01DBF3B43004A9D3F /* ViewController.h */,
				166E64F11DBF3B43004A9D3F /* ViewController.m */,
				166E64F31DBF3B43004A9D3F /* Main.storyboard */,
				166E64F61DBF3B43004A9D3F /* Assets.xcassets */,
				166E64F81DBF3B43004A9D3F /* LaunchScreen.storyboard */,
				166E64FB1DBF3B43004A9D3F /* Info.plist */,
				166E64EA1DBF3B43004A9D3F /* Supporting Files */,
			);
			path = "UITableViewCell的展开、收起和多层级cell";
			sourceTree = "<group>";
		};
		166E64EA1DBF3B43004A9D3F /* Supporting Files */ = {
			isa = PBXGroup;
			children = (
				166E64EB1DBF3B43004A9D3F /* main.m */,
			);
			name = "Supporting Files";
			sourceTree = "<group>";
		};
/* End PBXGroup section */

/* Begin PBXNativeTarget section */
		166E64E61DBF3B43004A9D3F /* UITableViewCell的展开、收起和多层级cell */ = {
			isa = PBXNativeTarget;
			buildConfigurationList = 166E64FE1DBF3B43004A9D3F /* Build configuration list for PBXNativeTarget "UITableViewCell的展开、收起和多层级cell" */;
			buildPhases = (
				166E64E31DBF3B43004A9D3F /* Sources */,
				166E64E41DBF3B43004A9D3F /* Frameworks */,
				166E64E51DBF3B43004A9D3F /* Resources */,
			);
			buildRules = (
			);
			dependencies = (
			);
			name = "UITableViewCell的展开、收起和多层级cell";
			productName = "UITableViewCell的展开、收起和多层级cell";
			productReference = 166E64E71DBF3B43004A9D3F /* UITableViewCell的展开、收起和多层级cell.app */;
			productType = "com.apple.product-type.application";
		};
/* End PBXNativeTarget section */

/* Begin PBXProject section */
		166E64DF1DBF3B43004A9D3F /* Project object */ = {
			isa = PBXProject;
			attributes = {
				LastUpgradeCheck = 0800;
				ORGANIZATIONNAME = com.wdy.MyIOSExploration;
				TargetAttributes = {
					166E64E61DBF3B43004A9D3F = {
						CreatedOnToolsVersion = 8.0;
						DevelopmentTeam = 2T6XGQJFJM;
						ProvisioningStyle = Automatic;
					};
				};
			};
			buildConfigurationList = 166E64E21DBF3B43004A9D3F /* Build configuration list for PBXProject "UITableViewCell的展开、收起和多层级cell" */;
			compatibilityVersion = "Xcode 3.2";
			developmentRegion = English;
			hasScannedForEncodings = 0;
			knownRegions = (
				en,
				Base,
			);
			mainGroup = 166E64DE1DBF3B43004A9D3F;
			productRefGroup = 166E64E81DBF3B43004A9D3F /* Products */;
			projectDirPath = "";
			projectRoot = "";
			targets = (
				166E64E61DBF3B43004A9D3F /* UITableViewCell的展开、收起和多层级cell */,
			);
		};
/* End PBXProject section */

/* Begin PBXResourcesBuildPhase section */
		166E64E51DBF3B43004A9D3F /* Resources */ = {
			isa = PBXResourcesBuildPhase;
			buildActionMask = 2147483647;
			files = (
				166E64FA1DBF3B43004A9D3F /* LaunchScreen.storyboard in Resources */,
				166E64F71DBF3B43004A9D3F /* Assets.xcassets in Resources */,
				166E64F51DBF3B43004A9D3F /* Main.storyboard in Resources */,
			);
			runOnlyForDeploymentPostprocessing = 0;
		};
/* End PBXResourcesBuildPhase section */

/* Begin PBXSourcesBuildPhase section */
		166E64E31DBF3B43004A9D3F /* Sources */ = {
			isa = PBXSourcesBuildPhase;
			buildActionMask = 2147483647;
			files = (
				166E64F21DBF3B43004A9D3F /* ViewController.m in Sources */,
				166E64EF1DBF3B43004A9D3F /* AppDelegate.m in Sources */,
				166E64EC1DBF3B43004A9D3F /* main.m in Sources */,
			);
			runOnlyForDeploymentPostprocessing = 0;
		};
/* End PBXSourcesBuildPhase section */

/* Begin PBXVariantGroup section */
		166E64F31DBF3B43004A9D3F /* Main.storyboard */ = {
			isa = PBXVariantGroup;
			children = (
				166E64F41DBF3B43004A9D3F /* Base */,
			);
			name = Main.storyboard;
			sourceTree = "<group>";
		};
		166E64F81DBF3B43004A9D3F /* LaunchScreen.storyboard */ = {
			isa = PBXVariantGroup;
			children = (
				166E64F91DBF3B43004A9D3F /* Base */,
			);
			name = LaunchScreen.storyboard;
			sourceTree = "<group>";
		};
/* End PBXVariantGroup section */

/* Begin XCBuildConfiguration section */
		166E64FC1DBF3B43004A9D3F /* Debug */ = {
			isa = XCBuildConfiguration;
			buildSettings = {
				ALWAYS_SEARCH_USER_PATHS = NO;
				CLANG_ANALYZER_NONNULL = YES;
				CLANG_CXX_LANGUAGE_STANDARD = "gnu++0x";
				CLANG_CXX_LIBRARY = "libc++";
				CLANG_ENABLE_MODULES = YES;
				CLANG_ENABLE_OBJC_ARC = YES;
				CLANG_WARN_BOOL_CONVERSION = YES;
				CLANG_WARN_CONSTANT_CONVERSION = YES;
				CLANG_WARN_DIRECT_OBJC_ISA_USAGE = YES_ERROR;
				CLANG_WARN_DOCUMENTATION_COMMENTS = YES;
				CLANG_WARN_EMPTY_BODY = YES;
				CLANG_WARN_ENUM_CONVERSION = YES;
				CLANG_WARN_INFINITE_RECURSION = YES;
				CLANG_WARN_INT_CONVERSION = YES;
				CLANG_WARN_OBJC_ROOT_CLASS = YES_ERROR;
				CLANG_WARN_SUSPICIOUS_MOVES = YES;
				CLANG_WARN_UNREACHABLE_CODE = YES;
				CLANG_WARN__DUPLICATE_METHOD_MATCH = YES;
				"CODE_SIGN_IDENTITY[sdk=iphoneos*]" = "iPhone Developer";
				COPY_PHASE_STRIP = NO;
				DEBUG_INFORMATION_FORMAT = dwarf;
				ENABLE_STRICT_OBJC_MSGSEND = YES;
				ENABLE_TESTABILITY = YES;
				GCC_C_LANGUAGE_STANDARD = gnu99;
				GCC_DYNAMIC_NO_PIC = NO;
				GCC_NO_COMMON_BLOCKS = YES;
				GCC_OPTIMIZATION_LEVEL = 0;
				GCC_PREPROCESSOR_DEFINITIONS = (
					"DEBUG=1",
					"$(inherited)",
				);
				GCC_WARN_64_TO_32_BIT_CONVERSION = YES;
				GCC_WARN_ABOUT_RETURN_TYPE = YES_ERROR;
				GCC_WARN_UNDECLARED_SELECTOR = YES;
				GCC_WARN_UNINITIALIZED_AUTOS = YES_AGGRESSIVE;
				GCC_WARN_UNUSED_FUNCTION = YES;
				GCC_WARN_UNUSED_VARIABLE = YES;
				IPHONEOS_DEPLOYMENT_TARGET = 10.0;
				MTL_ENABLE_DEBUG_INFO = YES;
				ONLY_ACTIVE_ARCH = YES;
				SDKROOT = iphoneos;
			};
			name = Debug;
		};
		166E64FD1DBF3B43004A9D3F /* Release */ = {
			isa = XCBuildConfiguration;
			buildSettings = {
				ALWAYS_SEARCH_USER_PATHS = NO;
				CLANG_ANALYZER_NONNULL = YES;
				CLANG_CXX_LANGUAGE_STANDARD = "gnu++0x";
				CLANG_CXX_LIBRARY = "libc++";
				CLANG_ENABLE_MODULES = YES;
				CLANG_ENABLE_OBJC_ARC = YES;
				CLANG_WARN_BOOL_CONVERSION = YES;
				CLANG_WARN_CONSTANT_CONVERSION = YES;
				CLANG_WARN_DIRECT_OBJC_ISA_USAGE = YES_ERROR;
				CLANG_WARN_DOCUMENTATION_COMMENTS = YES;
				CLANG_WARN_EMPTY_BODY = YES;
				CLANG_WARN_ENUM_CONVERSION = YES;
				CLANG_WARN_INFINITE_RECURSION = YES;
				CLANG_WARN_INT_CONVERSION = YES;
				CLANG_WARN_OBJC_ROOT_CLASS = YES_ERROR;
				CLANG_WARN_SUSPICIOUS_MOVES = YES;
				CLANG_WARN_UNREACHABLE_CODE = YES;
				CLANG_WARN__DUPLICATE_METHOD_MATCH = YES;
				"CODE_SIGN_IDENTITY[sdk=iphoneos*]" = "iPhone Developer";
				COPY_PHASE_STRIP = NO;
				DEBUG_INFORMATION_FORMAT = "dwarf-with-dsym";
				ENABLE_NS_ASSERTIONS = NO;
				ENABLE_STRICT_OBJC_MSGSEND = YES;
				GCC_C_LANGUAGE_STANDARD = gnu99;
				GCC_NO_COMMON_BLOCKS = YES;
				GCC_WARN_64_TO_32_BIT_CONVERSION = YES;
				GCC_WARN_ABOUT_RETURN_TYPE = YES_ERROR;
				GCC_WARN_UNDECLARED_SELECTOR = YES;
				GCC_WARN_UNINITIALIZED_AUTOS = YES_AGGRESSIVE;
				GCC_WARN_UNUSED_FUNCTION = YES;
				GCC_WARN_UNUSED_VARIABLE = YES;
				IPHONEOS_DEPLOYMENT_TARGET = 10.0;
				MTL_ENABLE_DEBUG_INFO = NO;
				SDKROOT = iphoneos;
				VALIDATE_PRODUCT = YES;
			};
			name = Release;
		};
		166E64FF1DBF3B43004A9D3F /* Debug */ = {
			isa = XCBuildConfiguration;
			buildSettings = {
				ASSETCATALOG_COMPILER_APPICON_NAME = AppIcon;
				DEVELOPMENT_TEAM = 2T6XGQJFJM;
				INFOPLIST_FILE = "UITableViewCell的展开、收起和多层级cell/Info.plist";
				LD_RUNPATH_SEARCH_PATHS = "$(inherited) @executable_path/Frameworks";
				PRODUCT_BUNDLE_IDENTIFIER = "com.wdy..UITableViewCell----------cell";
				PRODUCT_NAME = "$(TARGET_NAME)";
			};
			name = Debug;
		};
		166E65001DBF3B43004A9D3F /* Release */ = {
			isa = XCBuildConfiguration;
			buildSettings = {
				ASSETCATALOG_COMPILER_APPICON_NAME = AppIcon;
				DEVELOPMENT_TEAM = 2T6XGQJFJM;
				INFOPLIST_FILE = "UITableViewCell的展开、收起和多层级cell/Info.plist";
				LD_RUNPATH_SEARCH_PATHS = "$(inherited) @executable_path/Frameworks";
				PRODUCT_BUNDLE_IDENTIFIER = "com.wdy..UITableViewCell----------cell";
				PRODUCT_NAME = "$(TARGET_NAME)";
			};
			name = Release;
		};
/* End XCBuildConfiguration section */

/* Begin XCConfigurationList section */
		166E64E21DBF3B43004A9D3F /* Build configuration list for PBXProject "UITableViewCell的展开、收起和多层级cell" */ = {
			isa = XCConfigurationList;
			buildConfigurations = (
				166E64FC1DBF3B43004A9D3F /* Debug */,
				166E64FD1DBF3B43004A9D3F /* Release */,
			);
			defaultConfigurationIsVisible = 0;
			defaultConfigurationName = Release;
		};
		166E64FE1DBF3B43004A9D3F /* Build configuration list for PBXNativeTarget "UITableViewCell的展开、收起和多层级cell" */ = {
			isa = XCConfigurationList;
			buildConfigurations = (
				166E64FF1DBF3B43004A9D3F /* Debug */,
				166E65001DBF3B43004A9D3F /* Release */,
			);
			defaultConfigurationIsVisible = 0;
		};
/* End XCConfigurationList section */
	};
	rootObject = 166E64DF1DBF3B43004A9D3F /* Project object */;
}
