// !$*UTF8*$!
{
	archiveVersion = 1;
	classes = {
	};
	objectVersion = 46;
	objects = {

/* Begin PBXBuildFile section */
		20B99F2A1E8BB211004D1B3D /* Github in Resources */ = {isa = PBXBuildFile; fileRef = 20B99F291E8BB211004D1B3D /* Github */; };
		20D514A81E12640A000FBD5D /* WDYLibrary.h in Headers */ = {isa = PBXBuildFile; fileRef = 20D514A61E12640A000FBD5D /* WDYLibrary.h */; settings = {ATTRIBUTES = (Public, ); }; };
		20D514B61E12657D000FBD5D /* UIView+SetRect.h in Headers */ = {isa = PBXBuildFile; fileRef = 20D514B41E12657D000FBD5D /* UIView+SetRect.h */; settings = {ATTRIBUTES = (Public, ); }; };
		20D514B71E12657D000FBD5D /* UIView+SetRect.m in Sources */ = {isa = PBXBuildFile; fileRef = 20D514B51E12657D000FBD5D /* UIView+SetRect.m */; };
		20D514BA1E1266E4000FBD5D /* BaseTestDataTableVC.h in Headers */ = {isa = PBXBuildFile; fileRef = 20D514B81E1266E4000FBD5D /* BaseTestDataTableVC.h */; settings = {ATTRIBUTES = (Public, ); }; };
		20D514BB1E1266E4000FBD5D /* BaseTestDataTableVC.m in Sources */ = {isa = PBXBuildFile; fileRef = 20D514B91E1266E4000FBD5D /* BaseTestDataTableVC.m */; };
		20D514BD1E12676B000FBD5D /* WDYLibraryHeader.pch in Headers */ = {isa = PBXBuildFile; fileRef = 20D514BC1E12676B000FBD5D /* WDYLibraryHeader.pch */; };
		20E4BB0A1E163960003DB263 /* BaseViewController.h in Headers */ = {isa = PBXBuildFile; fileRef = 20E4BB081E163960003DB263 /* BaseViewController.h */; settings = {ATTRIBUTES = (Public, ); }; };
		20E4BB0B1E163960003DB263 /* BaseViewController.m in Sources */ = {isa = PBXBuildFile; fileRef = 20E4BB091E163960003DB263 /* BaseViewController.m */; };
/* End PBXBuildFile section */

/* Begin PBXFileReference section */
		20B99F291E8BB211004D1B3D /* Github */ = {isa = PBXFileReference; fileEncoding = 4; lastKnownFileType = text; path = Github; sourceTree = "<group>"; };
		20D514A31E12640A000FBD5D /* WDYLibrary.framework */ = {isa = PBXFileReference; explicitFileType = wrapper.framework; includeInIndex = 0; path = WDYLibrary.framework; sourceTree = BUILT_PRODUCTS_DIR; };
		20D514A61E12640A000FBD5D /* WDYLibrary.h */ = {isa = PBXFileReference; lastKnownFileType = sourcecode.c.h; path = WDYLibrary.h; sourceTree = "<group>"; };
		20D514A71E12640A000FBD5D /* Info.plist */ = {isa = PBXFileReference; lastKnownFileType = text.plist.xml; path = Info.plist; sourceTree = "<group>"; };
		20D514B41E12657D000FBD5D /* UIView+SetRect.h */ = {isa = PBXFileReference; fileEncoding = 4; lastKnownFileType = sourcecode.c.h; path = "UIView+SetRect.h"; sourceTree = "<group>"; };
		20D514B51E12657D000FBD5D /* UIView+SetRect.m */ = {isa = PBXFileReference; fileEncoding = 4; lastKnownFileType = sourcecode.c.objc; path = "UIView+SetRect.m"; sourceTree = "<group>"; };
		20D514B81E1266E4000FBD5D /* BaseTestDataTableVC.h */ = {isa = PBXFileReference; fileEncoding = 4; lastKnownFileType = sourcecode.c.h; path = BaseTestDataTableVC.h; sourceTree = "<group>"; };
		20D514B91E1266E4000FBD5D /* BaseTestDataTableVC.m */ = {isa = PBXFileReference; fileEncoding = 4; lastKnownFileType = sourcecode.c.objc; path = BaseTestDataTableVC.m; sourceTree = "<group>"; };
		20D514BC1E12676B000FBD5D /* WDYLibraryHeader.pch */ = {isa = PBXFileReference; fileEncoding = 4; lastKnownFileType = sourcecode.c.h; path = WDYLibraryHeader.pch; sourceTree = "<group>"; };
		20E4BB081E163960003DB263 /* BaseViewController.h */ = {isa = PBXFileReference; fileEncoding = 4; lastKnownFileType = sourcecode.c.h; path = BaseViewController.h; sourceTree = "<group>"; };
		20E4BB091E163960003DB263 /* BaseViewController.m */ = {isa = PBXFileReference; fileEncoding = 4; lastKnownFileType = sourcecode.c.objc; path = BaseViewController.m; sourceTree = "<group>"; };
/* End PBXFileReference section */

/* Begin PBXFrameworksBuildPhase section */
		20D5149F1E12640A000FBD5D /* Frameworks */ = {
			isa = PBXFrameworksBuildPhase;
			buildActionMask = 2147483647;
			files = (
			);
			runOnlyForDeploymentPostprocessing = 0;
		};
/* End PBXFrameworksBuildPhase section */

/* Begin PBXGroup section */
		20D514991E12640A000FBD5D = {
			isa = PBXGroup;
			children = (
				20D514A51E12640A000FBD5D /* WDYLibrary */,
				20D514A41E12640A000FBD5D /* Products */,
			);
			sourceTree = "<group>";
		};
		20D514A41E12640A000FBD5D /* Products */ = {
			isa = PBXGroup;
			children = (
				20D514A31E12640A000FBD5D /* WDYLibrary.framework */,
			);
			name = Products;
			sourceTree = "<group>";
		};
		20D514A51E12640A000FBD5D /* WDYLibrary */ = {
			isa = PBXGroup;
			children = (
				20D514B21E126561000FBD5D /* Base */,
				20D514B31E126561000FBD5D /* Extentions */,
				20D514A61E12640A000FBD5D /* WDYLibrary.h */,
				20D514BC1E12676B000FBD5D /* WDYLibraryHeader.pch */,
				20B99F291E8BB211004D1B3D /* Github */,
				20D514A71E12640A000FBD5D /* Info.plist */,
			);
			path = WDYLibrary;
			sourceTree = "<group>";
		};
		20D514B21E126561000FBD5D /* Base */ = {
			isa = PBXGroup;
			children = (
				20D514B81E1266E4000FBD5D /* BaseTestDataTableVC.h */,
				20D514B91E1266E4000FBD5D /* BaseTestDataTableVC.m */,
				20E4BB081E163960003DB263 /* BaseViewController.h */,
				20E4BB091E163960003DB263 /* BaseViewController.m */,
			);
			path = Base;
			sourceTree = "<group>";
		};
		20D514B31E126561000FBD5D /* Extentions */ = {
			isa = PBXGroup;
			children = (
				20D514B41E12657D000FBD5D /* UIView+SetRect.h */,
				20D514B51E12657D000FBD5D /* UIView+SetRect.m */,
			);
			path = Extentions;
			sourceTree = "<group>";
		};
/* End PBXGroup section */

/* Begin PBXHeadersBuildPhase section */
		20D514A01E12640A000FBD5D /* Headers */ = {
			isa = PBXHeadersBuildPhase;
			buildActionMask = 2147483647;
			files = (
				20D514B61E12657D000FBD5D /* UIView+SetRect.h in Headers */,
				20E4BB0A1E163960003DB263 /* BaseViewController.h in Headers */,
				20D514BA1E1266E4000FBD5D /* BaseTestDataTableVC.h in Headers */,
				20D514A81E12640A000FBD5D /* WDYLibrary.h in Headers */,
				20D514BD1E12676B000FBD5D /* WDYLibraryHeader.pch in Headers */,
			);
			runOnlyForDeploymentPostprocessing = 0;
		};
/* End PBXHeadersBuildPhase section */

/* Begin PBXNativeTarget section */
		20D514A21E12640A000FBD5D /* WDYLibrary */ = {
			isa = PBXNativeTarget;
			buildConfigurationList = 20D514AB1E12640A000FBD5D /* Build configuration list for PBXNativeTarget "WDYLibrary" */;
			buildPhases = (
				20D5149E1E12640A000FBD5D /* Sources */,
				20D5149F1E12640A000FBD5D /* Frameworks */,
				20D514A01E12640A000FBD5D /* Headers */,
				20D514A11E12640A000FBD5D /* Resources */,
			);
			buildRules = (
			);
			dependencies = (
			);
			name = WDYLibrary;
			productName = WDYLibrary;
			productReference = 20D514A31E12640A000FBD5D /* WDYLibrary.framework */;
			productType = "com.apple.product-type.framework";
		};
/* End PBXNativeTarget section */

/* Begin PBXProject section */
		20D5149A1E12640A000FBD5D /* Project object */ = {
			isa = PBXProject;
			attributes = {
				LastUpgradeCheck = 0820;
				ORGANIZATIONNAME = wdy;
				TargetAttributes = {
					20D514A21E12640A000FBD5D = {
						CreatedOnToolsVersion = 8.2.1;
						DevelopmentTeam = DSHJC97KG4;
						ProvisioningStyle = Automatic;
					};
				};
			};
			buildConfigurationList = 20D5149D1E12640A000FBD5D /* Build configuration list for PBXProject "WDYLibrary" */;
			compatibilityVersion = "Xcode 3.2";
			developmentRegion = English;
			hasScannedForEncodings = 0;
			knownRegions = (
				en,
			);
			mainGroup = 20D514991E12640A000FBD5D;
			productRefGroup = 20D514A41E12640A000FBD5D /* Products */;
			projectDirPath = "";
			projectRoot = "";
			targets = (
				20D514A21E12640A000FBD5D /* WDYLibrary */,
			);
		};
/* End PBXProject section */

/* Begin PBXResourcesBuildPhase section */
		20D514A11E12640A000FBD5D /* Resources */ = {
			isa = PBXResourcesBuildPhase;
			buildActionMask = 2147483647;
			files = (
				20B99F2A1E8BB211004D1B3D /* Github in Resources */,
			);
			runOnlyForDeploymentPostprocessing = 0;
		};
/* End PBXResourcesBuildPhase section */

/* Begin PBXSourcesBuildPhase section */
		20D5149E1E12640A000FBD5D /* Sources */ = {
			isa = PBXSourcesBuildPhase;
			buildActionMask = 2147483647;
			files = (
				20D514BB1E1266E4000FBD5D /* BaseTestDataTableVC.m in Sources */,
				20E4BB0B1E163960003DB263 /* BaseViewController.m in Sources */,
				20D514B71E12657D000FBD5D /* UIView+SetRect.m in Sources */,
			);
			runOnlyForDeploymentPostprocessing = 0;
		};
/* End PBXSourcesBuildPhase section */

/* Begin XCBuildConfiguration section */
		20D514A91E12640A000FBD5D /* Debug */ = {
			isa = XCBuildConfiguration;
			buildSettings = {
				ALWAYS_SEARCH_USER_PATHS = NO;
				CLANG_ANALYZER_NONNULL = YES;
				CLANG_CXX_LANGUAGE_STANDARD = "gnu++0x";
				CLANG_CXX_LIBRARY = "libc++";
				CLANG_ENABLE_MODULES = YES;
				CLANG_ENABLE_OBJC_ARC = YES;
				CLANG_WARN_BOOL_CONVERSION = YES;
				CLANG_WARN_CONSTANT_CONVERSION = YES;
				CLANG_WARN_DIRECT_OBJC_ISA_USAGE = YES_ERROR;
				CLANG_WARN_DOCUMENTATION_COMMENTS = YES;
				CLANG_WARN_EMPTY_BODY = YES;
				CLANG_WARN_ENUM_CONVERSION = YES;
				CLANG_WARN_INFINITE_RECURSION = YES;
				CLANG_WARN_INT_CONVERSION = YES;
				CLANG_WARN_OBJC_ROOT_CLASS = YES_ERROR;
				CLANG_WARN_SUSPICIOUS_MOVE = YES;
				CLANG_WARN_UNREACHABLE_CODE = YES;
				CLANG_WARN__DUPLICATE_METHOD_MATCH = YES;
				"CODE_SIGN_IDENTITY[sdk=iphoneos*]" = "iPhone Developer";
				COPY_PHASE_STRIP = NO;
				CURRENT_PROJECT_VERSION = 1;
				DEBUG_INFORMATION_FORMAT = dwarf;
				ENABLE_STRICT_OBJC_MSGSEND = YES;
				ENABLE_TESTABILITY = YES;
				GCC_C_LANGUAGE_STANDARD = gnu99;
				GCC_DYNAMIC_NO_PIC = NO;
				GCC_NO_COMMON_BLOCKS = YES;
				GCC_OPTIMIZATION_LEVEL = 0;
				GCC_PREPROCESSOR_DEFINITIONS = (
					"DEBUG=1",
					"$(inherited)",
				);
				GCC_WARN_64_TO_32_BIT_CONVERSION = YES;
				GCC_WARN_ABOUT_RETURN_TYPE = YES_ERROR;
				GCC_WARN_UNDECLARED_SELECTOR = YES;
				GCC_WARN_UNINITIALIZED_AUTOS = YES_AGGRESSIVE;
				GCC_WARN_UNUSED_FUNCTION = YES;
				GCC_WARN_UNUSED_VARIABLE = YES;
				IPHONEOS_DEPLOYMENT_TARGET = 10.2;
				MTL_ENABLE_DEBUG_INFO = YES;
				ONLY_ACTIVE_ARCH = YES;
				SDKROOT = iphoneos;
				TARGETED_DEVICE_FAMILY = "1,2";
				VERSIONING_SYSTEM = "apple-generic";
				VERSION_INFO_PREFIX = "";
			};
			name = Debug;
		};
		20D514AA1E12640A000FBD5D /* Release */ = {
			isa = XCBuildConfiguration;
			buildSettings = {
				ALWAYS_SEARCH_USER_PATHS = NO;
				CLANG_ANALYZER_NONNULL = YES;
				CLANG_CXX_LANGUAGE_STANDARD = "gnu++0x";
				CLANG_CXX_LIBRARY = "libc++";
				CLANG_ENABLE_MODULES = YES;
				CLANG_ENABLE_OBJC_ARC = YES;
				CLANG_WARN_BOOL_CONVERSION = YES;
				CLANG_WARN_CONSTANT_CONVERSION = YES;
				CLANG_WARN_DIRECT_OBJC_ISA_USAGE = YES_ERROR;
				CLANG_WARN_DOCUMENTATION_COMMENTS = YES;
				CLANG_WARN_EMPTY_BODY = YES;
				CLANG_WARN_ENUM_CONVERSION = YES;
				CLANG_WARN_INFINITE_RECURSION = YES;
				CLANG_WARN_INT_CONVERSION = YES;
				CLANG_WARN_OBJC_ROOT_CLASS = YES_ERROR;
				CLANG_WARN_SUSPICIOUS_MOVE = YES;
				CLANG_WARN_UNREACHABLE_CODE = YES;
				CLANG_WARN__DUPLICATE_METHOD_MATCH = YES;
				"CODE_SIGN_IDENTITY[sdk=iphoneos*]" = "iPhone Developer";
				COPY_PHASE_STRIP = NO;
				CURRENT_PROJECT_VERSION = 1;
				DEBUG_INFORMATION_FORMAT = "dwarf-with-dsym";
				ENABLE_NS_ASSERTIONS = NO;
				ENABLE_STRICT_OBJC_MSGSEND = YES;
				GCC_C_LANGUAGE_STANDARD = gnu99;
				GCC_NO_COMMON_BLOCKS = YES;
				GCC_WARN_64_TO_32_BIT_CONVERSION = YES;
				GCC_WARN_ABOUT_RETURN_TYPE = YES_ERROR;
				GCC_WARN_UNDECLARED_SELECTOR = YES;
				GCC_WARN_UNINITIALIZED_AUTOS = YES_AGGRESSIVE;
				GCC_WARN_UNUSED_FUNCTION = YES;
				GCC_WARN_UNUSED_VARIABLE = YES;
				IPHONEOS_DEPLOYMENT_TARGET = 10.2;
				MTL_ENABLE_DEBUG_INFO = NO;
				SDKROOT = iphoneos;
				TARGETED_DEVICE_FAMILY = "1,2";
				VALIDATE_PRODUCT = YES;
				VERSIONING_SYSTEM = "apple-generic";
				VERSION_INFO_PREFIX = "";
			};
			name = Release;
		};
		20D514AC1E12640A000FBD5D /* Debug */ = {
			isa = XCBuildConfiguration;
			buildSettings = {
				CODE_SIGN_IDENTITY = "";
				DEFINES_MODULE = YES;
				DEVELOPMENT_TEAM = DSHJC97KG4;
				DYLIB_COMPATIBILITY_VERSION = 1;
				DYLIB_CURRENT_VERSION = 1;
				DYLIB_INSTALL_NAME_BASE = "@rpath";
				GCC_PREFIX_HEADER = WDYLibrary/WDYLibraryHeader.pch;
				INFOPLIST_FILE = WDYLibrary/Info.plist;
				INSTALL_PATH = "$(LOCAL_LIBRARY_DIR)/Frameworks";
				IPHONEOS_DEPLOYMENT_TARGET = 8.0;
				LD_RUNPATH_SEARCH_PATHS = "$(inherited) @executable_path/Frameworks @loader_path/Frameworks";
				PRODUCT_BUNDLE_IDENTIFIER = com.wdy.WDYLibrary;
				PRODUCT_NAME = "$(TARGET_NAME)";
				SKIP_INSTALL = YES;
			};
			name = Debug;
		};
		20D514AD1E12640A000FBD5D /* Release */ = {
			isa = XCBuildConfiguration;
			buildSettings = {
				CODE_SIGN_IDENTITY = "";
				DEFINES_MODULE = YES;
				DEVELOPMENT_TEAM = DSHJC97KG4;
				DYLIB_COMPATIBILITY_VERSION = 1;
				DYLIB_CURRENT_VERSION = 1;
				DYLIB_INSTALL_NAME_BASE = "@rpath";
				GCC_PREFIX_HEADER = WDYLibrary/WDYLibraryHeader.pch;
				INFOPLIST_FILE = WDYLibrary/Info.plist;
				INSTALL_PATH = "$(LOCAL_LIBRARY_DIR)/Frameworks";
				IPHONEOS_DEPLOYMENT_TARGET = 8.0;
				LD_RUNPATH_SEARCH_PATHS = "$(inherited) @executable_path/Frameworks @loader_path/Frameworks";
				PRODUCT_BUNDLE_IDENTIFIER = com.wdy.WDYLibrary;
				PRODUCT_NAME = "$(TARGET_NAME)";
				SKIP_INSTALL = YES;
			};
			name = Release;
		};
/* End XCBuildConfiguration section */

/* Begin XCConfigurationList section */
		20D5149D1E12640A000FBD5D /* Build configuration list for PBXProject "WDYLibrary" */ = {
			isa = XCConfigurationList;
			buildConfigurations = (
				20D514A91E12640A000FBD5D /* Debug */,
				20D514AA1E12640A000FBD5D /* Release */,
			);
			defaultConfigurationIsVisible = 0;
			defaultConfigurationName = Release;
		};
		20D514AB1E12640A000FBD5D /* Build configuration list for PBXNativeTarget "WDYLibrary" */ = {
			isa = XCConfigurationList;
			buildConfigurations = (
				20D514AC1E12640A000FBD5D /* Debug */,
				20D514AD1E12640A000FBD5D /* Release */,
			);
			defaultConfigurationIsVisible = 0;
			defaultConfigurationName = Release;
		};
/* End XCConfigurationList section */
	};
	rootObject = 20D5149A1E12640A000FBD5D /* Project object */;
}
