// !$*UTF8*$!
{
	archiveVersion = 1;
	classes = {
	};
	objectVersion = 46;
	objects = {

/* Begin PBXBuildFile section */
		16A1D7C61E34FFD3003869B2 /* UIImageView+ImageFitSize.m in Sources */ = {isa = PBXBuildFile; fileRef = 16A1D7C51E34FFD3003869B2 /* UIImageView+ImageFitSize.m */; };
		202EB7C81E28B47E00619831 /* main.m in Sources */ = {isa = PBXBuildFile; fileRef = 202EB7C71E28B47E00619831 /* main.m */; };
		202EB7CB1E28B47E00619831 /* AppDelegate.m in Sources */ = {isa = PBXBuildFile; fileRef = 202EB7CA1E28B47E00619831 /* AppDelegate.m */; };
		202EB7D11E28B47E00619831 /* Main.storyboard in Resources */ = {isa = PBXBuildFile; fileRef = 202EB7CF1E28B47E00619831 /* Main.storyboard */; };
		202EB7D31E28B47E00619831 /* Assets.xcassets in Resources */ = {isa = PBXBuildFile; fileRef = 202EB7D21E28B47E00619831 /* Assets.xcassets */; };
		202EB7D61E28B47E00619831 /* LaunchScreen.storyboard in Resources */ = {isa = PBXBuildFile; fileRef = 202EB7D41E28B47E00619831 /* LaunchScreen.storyboard */; };
		202EB7DF1E28B4CA00619831 /* ModalPresentationViewController.m in Sources */ = {isa = PBXBuildFile; fileRef = 202EB7DE1E28B4CA00619831 /* ModalPresentationViewController.m */; };
		202EB7E21E28B9F800619831 /* MultiCustomUIComponentVC.m in Sources */ = {isa = PBXBuildFile; fileRef = 202EB7E11E28B9F800619831 /* MultiCustomUIComponentVC.m */; };
		202EB7E51E28D12900619831 /* ModalContentViewController.m in Sources */ = {isa = PBXBuildFile; fileRef = 202EB7E41E28D12900619831 /* ModalContentViewController.m */; };
		202EB7E81E28D7C600619831 /* name01.jpeg in Resources */ = {isa = PBXBuildFile; fileRef = 202EB7E71E28D7C600619831 /* name01.jpeg */; };
		20385B6D1E34C0D300445564 /* tips_done@2x.png in Resources */ = {isa = PBXBuildFile; fileRef = 20385B5D1E34C0D300445564 /* tips_done@2x.png */; };
		20385B6E1E34C0D300445564 /* tips_done@3x.png in Resources */ = {isa = PBXBuildFile; fileRef = 20385B5E1E34C0D300445564 /* tips_done@3x.png */; };
		20385B6F1E34C0D300445564 /* tips_error@2x.png in Resources */ = {isa = PBXBuildFile; fileRef = 20385B5F1E34C0D300445564 /* tips_error@2x.png */; };
		20385B701E34C0D300445564 /* tips_error@3x.png in Resources */ = {isa = PBXBuildFile; fileRef = 20385B601E34C0D300445564 /* tips_error@3x.png */; };
		20385B711E34C0D300445564 /* tips_info@2x.png in Resources */ = {isa = PBXBuildFile; fileRef = 20385B611E34C0D300445564 /* tips_info@2x.png */; };
		20385B721E34C0D300445564 /* tips_info@3x.png in Resources */ = {isa = PBXBuildFile; fileRef = 20385B621E34C0D300445564 /* tips_info@3x.png */; };
		20385B731E34C0D300445564 /* TipsView.m in Sources */ = {isa = PBXBuildFile; fileRef = 20385B641E34C0D300445564 /* TipsView.m */; };
		20385B741E34C0D300445564 /* ToastAnimator.m in Sources */ = {isa = PBXBuildFile; fileRef = 20385B661E34C0D300445564 /* ToastAnimator.m */; };
		20385B751E34C0D300445564 /* ToastBackgroundView.m in Sources */ = {isa = PBXBuildFile; fileRef = 20385B681E34C0D300445564 /* ToastBackgroundView.m */; };
		20385B761E34C0D300445564 /* ToastContentView.m in Sources */ = {isa = PBXBuildFile; fileRef = 20385B6A1E34C0D300445564 /* ToastContentView.m */; };
		20385B771E34C0D300445564 /* ToastView.m in Sources */ = {isa = PBXBuildFile; fileRef = 20385B6C1E34C0D300445564 /* ToastView.m */; };
		20385B791E34C13500445564 /* WDYLibrary.framework in Frameworks */ = {isa = PBXBuildFile; fileRef = 20385B781E34C13500445564 /* WDYLibrary.framework */; };
		20385B7A1E34C13500445564 /* WDYLibrary.framework in Embed Frameworks */ = {isa = PBXBuildFile; fileRef = 20385B781E34C13500445564 /* WDYLibrary.framework */; settings = {ATTRIBUTES = (CodeSignOnCopy, RemoveHeadersOnCopy, ); }; };
		20385B7E1E34C16200445564 /* MainViewController.m in Sources */ = {isa = PBXBuildFile; fileRef = 20385B7D1E34C16200445564 /* MainViewController.m */; };
		20385B811E34C25B00445564 /* TestToastViewController.m in Sources */ = {isa = PBXBuildFile; fileRef = 20385B801E34C25B00445564 /* TestToastViewController.m */; };
		20385B861E34C27800445564 /* AppCommonHelper.m in Sources */ = {isa = PBXBuildFile; fileRef = 20385B841E34C27800445564 /* AppCommonHelper.m */; };
		20B82E831E3595A7005B0DED /* CustomToastAnimator.m in Sources */ = {isa = PBXBuildFile; fileRef = 20B82E801E3595A7005B0DED /* CustomToastAnimator.m */; };
		20B82E841E3595A7005B0DED /* CustomToastContentView.m in Sources */ = {isa = PBXBuildFile; fileRef = 20B82E821E3595A7005B0DED /* CustomToastContentView.m */; };
		20B82EDD1E35DD67005B0DED /* ActionSheetViewController.m in Sources */ = {isa = PBXBuildFile; fileRef = 20B82EDC1E35DD67005B0DED /* ActionSheetViewController.m */; };
/* End PBXBuildFile section */

/* Begin PBXCopyFilesBuildPhase section */
		20385B7B1E34C13500445564 /* Embed Frameworks */ = {
			isa = PBXCopyFilesBuildPhase;
			buildActionMask = 2147483647;
			dstPath = "";
			dstSubfolderSpec = 10;
			files = (
				20385B7A1E34C13500445564 /* WDYLibrary.framework in Embed Frameworks */,
			);
			name = "Embed Frameworks";
			runOnlyForDeploymentPostprocessing = 0;
		};
/* End PBXCopyFilesBuildPhase section */

/* Begin PBXFileReference section */
		16A1D7C41E34FFD3003869B2 /* UIImageView+ImageFitSize.h */ = {isa = PBXFileReference; fileEncoding = 4; lastKnownFileType = sourcecode.c.h; path = "UIImageView+ImageFitSize.h"; sourceTree = "<group>"; };
		16A1D7C51E34FFD3003869B2 /* UIImageView+ImageFitSize.m */ = {isa = PBXFileReference; fileEncoding = 4; lastKnownFileType = sourcecode.c.objc; path = "UIImageView+ImageFitSize.m"; sourceTree = "<group>"; };
		202EB7C31E28B47E00619831 /* MultiCustomUIComponent.app */ = {isa = PBXFileReference; explicitFileType = wrapper.application; includeInIndex = 0; path = MultiCustomUIComponent.app; sourceTree = BUILT_PRODUCTS_DIR; };
		202EB7C71E28B47E00619831 /* main.m */ = {isa = PBXFileReference; lastKnownFileType = sourcecode.c.objc; path = main.m; sourceTree = "<group>"; };
		202EB7C91E28B47E00619831 /* AppDelegate.h */ = {isa = PBXFileReference; lastKnownFileType = sourcecode.c.h; path = AppDelegate.h; sourceTree = "<group>"; };
		202EB7CA1E28B47E00619831 /* AppDelegate.m */ = {isa = PBXFileReference; lastKnownFileType = sourcecode.c.objc; path = AppDelegate.m; sourceTree = "<group>"; };
		202EB7D01E28B47E00619831 /* Base */ = {isa = PBXFileReference; lastKnownFileType = file.storyboard; name = Base; path = Base.lproj/Main.storyboard; sourceTree = "<group>"; };
		202EB7D21E28B47E00619831 /* Assets.xcassets */ = {isa = PBXFileReference; lastKnownFileType = folder.assetcatalog; path = Assets.xcassets; sourceTree = "<group>"; };
		202EB7D51E28B47E00619831 /* Base */ = {isa = PBXFileReference; lastKnownFileType = file.storyboard; name = Base; path = Base.lproj/LaunchScreen.storyboard; sourceTree = "<group>"; };
		202EB7D71E28B47E00619831 /* Info.plist */ = {isa = PBXFileReference; lastKnownFileType = text.plist.xml; path = Info.plist; sourceTree = "<group>"; };
		202EB7DD1E28B4CA00619831 /* ModalPresentationViewController.h */ = {isa = PBXFileReference; fileEncoding = 4; lastKnownFileType = sourcecode.c.h; path = ModalPresentationViewController.h; sourceTree = "<group>"; };
		202EB7DE1E28B4CA00619831 /* ModalPresentationViewController.m */ = {isa = PBXFileReference; fileEncoding = 4; lastKnownFileType = sourcecode.c.objc; path = ModalPresentationViewController.m; sourceTree = "<group>"; };
		202EB7E01E28B9F800619831 /* MultiCustomUIComponentVC.h */ = {isa = PBXFileReference; fileEncoding = 4; lastKnownFileType = sourcecode.c.h; path = MultiCustomUIComponentVC.h; sourceTree = "<group>"; };
		202EB7E11E28B9F800619831 /* MultiCustomUIComponentVC.m */ = {isa = PBXFileReference; fileEncoding = 4; lastKnownFileType = sourcecode.c.objc; path = MultiCustomUIComponentVC.m; sourceTree = "<group>"; };
		202EB7E31E28D12900619831 /* ModalContentViewController.h */ = {isa = PBXFileReference; fileEncoding = 4; lastKnownFileType = sourcecode.c.h; path = ModalContentViewController.h; sourceTree = "<group>"; };
		202EB7E41E28D12900619831 /* ModalContentViewController.m */ = {isa = PBXFileReference; fileEncoding = 4; lastKnownFileType = sourcecode.c.objc; path = ModalContentViewController.m; sourceTree = "<group>"; };
		202EB7E71E28D7C600619831 /* name01.jpeg */ = {isa = PBXFileReference; lastKnownFileType = image.jpeg; path = name01.jpeg; sourceTree = "<group>"; };
		20385B5D1E34C0D300445564 /* tips_done@2x.png */ = {isa = PBXFileReference; lastKnownFileType = image.png; path = "tips_done@2x.png"; sourceTree = "<group>"; };
		20385B5E1E34C0D300445564 /* tips_done@3x.png */ = {isa = PBXFileReference; lastKnownFileType = image.png; path = "tips_done@3x.png"; sourceTree = "<group>"; };
		20385B5F1E34C0D300445564 /* tips_error@2x.png */ = {isa = PBXFileReference; lastKnownFileType = image.png; path = "tips_error@2x.png"; sourceTree = "<group>"; };
		20385B601E34C0D300445564 /* tips_error@3x.png */ = {isa = PBXFileReference; lastKnownFileType = image.png; path = "tips_error@3x.png"; sourceTree = "<group>"; };
		20385B611E34C0D300445564 /* tips_info@2x.png */ = {isa = PBXFileReference; lastKnownFileType = image.png; path = "tips_info@2x.png"; sourceTree = "<group>"; };
		20385B621E34C0D300445564 /* tips_info@3x.png */ = {isa = PBXFileReference; lastKnownFileType = image.png; path = "tips_info@3x.png"; sourceTree = "<group>"; };
		20385B631E34C0D300445564 /* TipsView.h */ = {isa = PBXFileReference; fileEncoding = 4; lastKnownFileType = sourcecode.c.h; path = TipsView.h; sourceTree = "<group>"; };
		20385B641E34C0D300445564 /* TipsView.m */ = {isa = PBXFileReference; fileEncoding = 4; lastKnownFileType = sourcecode.c.objc; path = TipsView.m; sourceTree = "<group>"; };
		20385B651E34C0D300445564 /* ToastAnimator.h */ = {isa = PBXFileReference; fileEncoding = 4; lastKnownFileType = sourcecode.c.h; path = ToastAnimator.h; sourceTree = "<group>"; };
		20385B661E34C0D300445564 /* ToastAnimator.m */ = {isa = PBXFileReference; fileEncoding = 4; lastKnownFileType = sourcecode.c.objc; path = ToastAnimator.m; sourceTree = "<group>"; };
		20385B671E34C0D300445564 /* ToastBackgroundView.h */ = {isa = PBXFileReference; fileEncoding = 4; lastKnownFileType = sourcecode.c.h; path = ToastBackgroundView.h; sourceTree = "<group>"; };
		20385B681E34C0D300445564 /* ToastBackgroundView.m */ = {isa = PBXFileReference; fileEncoding = 4; lastKnownFileType = sourcecode.c.objc; path = ToastBackgroundView.m; sourceTree = "<group>"; };
		20385B691E34C0D300445564 /* ToastContentView.h */ = {isa = PBXFileReference; fileEncoding = 4; lastKnownFileType = sourcecode.c.h; path = ToastContentView.h; sourceTree = "<group>"; };
		20385B6A1E34C0D300445564 /* ToastContentView.m */ = {isa = PBXFileReference; fileEncoding = 4; lastKnownFileType = sourcecode.c.objc; path = ToastContentView.m; sourceTree = "<group>"; };
		20385B6B1E34C0D300445564 /* ToastView.h */ = {isa = PBXFileReference; fileEncoding = 4; lastKnownFileType = sourcecode.c.h; path = ToastView.h; sourceTree = "<group>"; };
		20385B6C1E34C0D300445564 /* ToastView.m */ = {isa = PBXFileReference; fileEncoding = 4; lastKnownFileType = sourcecode.c.objc; path = ToastView.m; sourceTree = "<group>"; };
		20385B781E34C13500445564 /* WDYLibrary.framework */ = {isa = PBXFileReference; explicitFileType = wrapper.framework; path = WDYLibrary.framework; sourceTree = BUILT_PRODUCTS_DIR; };
		20385B7C1E34C16200445564 /* MainViewController.h */ = {isa = PBXFileReference; fileEncoding = 4; lastKnownFileType = sourcecode.c.h; path = MainViewController.h; sourceTree = "<group>"; };
		20385B7D1E34C16200445564 /* MainViewController.m */ = {isa = PBXFileReference; fileEncoding = 4; lastKnownFileType = sourcecode.c.objc; path = MainViewController.m; sourceTree = "<group>"; };
		20385B7F1E34C25B00445564 /* TestToastViewController.h */ = {isa = PBXFileReference; fileEncoding = 4; lastKnownFileType = sourcecode.c.h; path = TestToastViewController.h; sourceTree = "<group>"; };
		20385B801E34C25B00445564 /* TestToastViewController.m */ = {isa = PBXFileReference; fileEncoding = 4; lastKnownFileType = sourcecode.c.objc; path = TestToastViewController.m; sourceTree = "<group>"; };
		20385B831E34C27800445564 /* AppCommonHelper.h */ = {isa = PBXFileReference; fileEncoding = 4; lastKnownFileType = sourcecode.c.h; path = AppCommonHelper.h; sourceTree = "<group>"; };
		20385B841E34C27800445564 /* AppCommonHelper.m */ = {isa = PBXFileReference; fileEncoding = 4; lastKnownFileType = sourcecode.c.objc; path = AppCommonHelper.m; sourceTree = "<group>"; };
		20385B851E34C27800445564 /* CommonDefines.h */ = {isa = PBXFileReference; fileEncoding = 4; lastKnownFileType = sourcecode.c.h; path = CommonDefines.h; sourceTree = "<group>"; };
		20385B871E34C51000445564 /* Toast.h */ = {isa = PBXFileReference; fileEncoding = 4; lastKnownFileType = sourcecode.c.h; path = Toast.h; sourceTree = "<group>"; };
		20B82E7F1E3595A7005B0DED /* CustomToastAnimator.h */ = {isa = PBXFileReference; fileEncoding = 4; lastKnownFileType = sourcecode.c.h; path = CustomToastAnimator.h; sourceTree = "<group>"; };
		20B82E801E3595A7005B0DED /* CustomToastAnimator.m */ = {isa = PBXFileReference; fileEncoding = 4; lastKnownFileType = sourcecode.c.objc; path = CustomToastAnimator.m; sourceTree = "<group>"; };
		20B82E811E3595A7005B0DED /* CustomToastContentView.h */ = {isa = PBXFileReference; fileEncoding = 4; lastKnownFileType = sourcecode.c.h; path = CustomToastContentView.h; sourceTree = "<group>"; };
		20B82E821E3595A7005B0DED /* CustomToastContentView.m */ = {isa = PBXFileReference; fileEncoding = 4; lastKnownFileType = sourcecode.c.objc; path = CustomToastContentView.m; sourceTree = "<group>"; };
		20B82EDB1E35DD67005B0DED /* ActionSheetViewController.h */ = {isa = PBXFileReference; fileEncoding = 4; lastKnownFileType = sourcecode.c.h; path = ActionSheetViewController.h; sourceTree = "<group>"; };
		20B82EDC1E35DD67005B0DED /* ActionSheetViewController.m */ = {isa = PBXFileReference; fileEncoding = 4; lastKnownFileType = sourcecode.c.objc; path = ActionSheetViewController.m; sourceTree = "<group>"; };
/* End PBXFileReference section */

/* Begin PBXFrameworksBuildPhase section */
		202EB7C01E28B47E00619831 /* Frameworks */ = {
			isa = PBXFrameworksBuildPhase;
			buildActionMask = 2147483647;
			files = (
				20385B791E34C13500445564 /* WDYLibrary.framework in Frameworks */,
			);
			runOnlyForDeploymentPostprocessing = 0;
		};
/* End PBXFrameworksBuildPhase section */

/* Begin PBXGroup section */
		202EB7BA1E28B47E00619831 = {
			isa = PBXGroup;
			children = (
				20385B781E34C13500445564 /* WDYLibrary.framework */,
				202EB7C51E28B47E00619831 /* MultiCustomUIComponent */,
				202EB7C41E28B47E00619831 /* Products */,
			);
			sourceTree = "<group>";
		};
		202EB7C41E28B47E00619831 /* Products */ = {
			isa = PBXGroup;
			children = (
				202EB7C31E28B47E00619831 /* MultiCustomUIComponent.app */,
			);
			name = Products;
			sourceTree = "<group>";
		};
		202EB7C51E28B47E00619831 /* MultiCustomUIComponent */ = {
			isa = PBXGroup;
			children = (
				202EB7E61E28D7C600619831 /* Images */,
				202EB7C91E28B47E00619831 /* AppDelegate.h */,
				202EB7CA1E28B47E00619831 /* AppDelegate.m */,
				20385B7C1E34C16200445564 /* MainViewController.h */,
				20385B7D1E34C16200445564 /* MainViewController.m */,
				202EB7E01E28B9F800619831 /* MultiCustomUIComponentVC.h */,
				202EB7E11E28B9F800619831 /* MultiCustomUIComponentVC.m */,
				202EB7E31E28D12900619831 /* ModalContentViewController.h */,
				202EB7E41E28D12900619831 /* ModalContentViewController.m */,
				202EB7DD1E28B4CA00619831 /* ModalPresentationViewController.h */,
				202EB7DE1E28B4CA00619831 /* ModalPresentationViewController.m */,
				20385B7F1E34C25B00445564 /* TestToastViewController.h */,
				20385B801E34C25B00445564 /* TestToastViewController.m */,
				20B82EDA1E35DD49005B0DED /* ActionSheet */,
				20385B821E34C27800445564 /* Tool */,
				20385B5C1E34C0D300445564 /* Toast */,
				202EB7CF1E28B47E00619831 /* Main.storyboard */,
				202EB7D21E28B47E00619831 /* Assets.xcassets */,
				202EB7D41E28B47E00619831 /* LaunchScreen.storyboard */,
				202EB7D71E28B47E00619831 /* Info.plist */,
				202EB7C61E28B47E00619831 /* Supporting Files */,
			);
			path = MultiCustomUIComponent;
			sourceTree = "<group>";
		};
		202EB7C61E28B47E00619831 /* Supporting Files */ = {
			isa = PBXGroup;
			children = (
				202EB7C71E28B47E00619831 /* main.m */,
			);
			name = "Supporting Files";
			sourceTree = "<group>";
		};
		202EB7E61E28D7C600619831 /* Images */ = {
			isa = PBXGroup;
			children = (
				202EB7E71E28D7C600619831 /* name01.jpeg */,
			);
			path = Images;
			sourceTree = "<group>";
		};
		20385B5C1E34C0D300445564 /* Toast */ = {
			isa = PBXGroup;
			children = (
				20385B5D1E34C0D300445564 /* tips_done@2x.png */,
				20385B5E1E34C0D300445564 /* tips_done@3x.png */,
				20385B5F1E34C0D300445564 /* tips_error@2x.png */,
				20385B601E34C0D300445564 /* tips_error@3x.png */,
				20385B611E34C0D300445564 /* tips_info@2x.png */,
				20385B621E34C0D300445564 /* tips_info@3x.png */,
				20385B631E34C0D300445564 /* TipsView.h */,
				20385B641E34C0D300445564 /* TipsView.m */,
				20385B651E34C0D300445564 /* ToastAnimator.h */,
				20385B661E34C0D300445564 /* ToastAnimator.m */,
				20385B671E34C0D300445564 /* ToastBackgroundView.h */,
				20385B681E34C0D300445564 /* ToastBackgroundView.m */,
				20385B691E34C0D300445564 /* ToastContentView.h */,
				20385B6A1E34C0D300445564 /* ToastContentView.m */,
				20385B6B1E34C0D300445564 /* ToastView.h */,
				20385B6C1E34C0D300445564 /* ToastView.m */,
				20B82E7F1E3595A7005B0DED /* CustomToastAnimator.h */,
				20B82E801E3595A7005B0DED /* CustomToastAnimator.m */,
				20B82E811E3595A7005B0DED /* CustomToastContentView.h */,
				20B82E821E3595A7005B0DED /* CustomToastContentView.m */,
				20385B871E34C51000445564 /* Toast.h */,
			);
			path = Toast;
			sourceTree = "<group>";
		};
		20385B821E34C27800445564 /* Tool */ = {
			isa = PBXGroup;
			children = (
				20385B831E34C27800445564 /* AppCommonHelper.h */,
				20385B841E34C27800445564 /* AppCommonHelper.m */,
				20385B851E34C27800445564 /* CommonDefines.h */,
				16A1D7C41E34FFD3003869B2 /* UIImageView+ImageFitSize.h */,
				16A1D7C51E34FFD3003869B2 /* UIImageView+ImageFitSize.m */,
			);
			path = Tool;
			sourceTree = "<group>";
		};
		20B82EDA1E35DD49005B0DED /* ActionSheet */ = {
			isa = PBXGroup;
			children = (
				20B82EDB1E35DD67005B0DED /* ActionSheetViewController.h */,
				20B82EDC1E35DD67005B0DED /* ActionSheetViewController.m */,
			);
			path = ActionSheet;
			sourceTree = "<group>";
		};
/* End PBXGroup section */

/* Begin PBXNativeTarget section */
		202EB7C21E28B47E00619831 /* MultiCustomUIComponent */ = {
			isa = PBXNativeTarget;
			buildConfigurationList = 202EB7DA1E28B47E00619831 /* Build configuration list for PBXNativeTarget "MultiCustomUIComponent" */;
			buildPhases = (
				202EB7BF1E28B47E00619831 /* Sources */,
				202EB7C01E28B47E00619831 /* Frameworks */,
				202EB7C11E28B47E00619831 /* Resources */,
				20385B7B1E34C13500445564 /* Embed Frameworks */,
			);
			buildRules = (
			);
			dependencies = (
			);
			name = MultiCustomUIComponent;
			productName = MultiCustomUIComponent;
			productReference = 202EB7C31E28B47E00619831 /* MultiCustomUIComponent.app */;
			productType = "com.apple.product-type.application";
		};
/* End PBXNativeTarget section */

/* Begin PBXProject section */
		202EB7BB1E28B47E00619831 /* Project object */ = {
			isa = PBXProject;
			attributes = {
				LastUpgradeCheck = 0820;
				ORGANIZATIONNAME = wdy;
				TargetAttributes = {
					202EB7C21E28B47E00619831 = {
						CreatedOnToolsVersion = 8.2.1;
						DevelopmentTeam = DSHJC97KG4;
						ProvisioningStyle = Automatic;
					};
				};
			};
			buildConfigurationList = 202EB7BE1E28B47E00619831 /* Build configuration list for PBXProject "MultiCustomUIComponent" */;
			compatibilityVersion = "Xcode 3.2";
			developmentRegion = English;
			hasScannedForEncodings = 0;
			knownRegions = (
				en,
				Base,
			);
			mainGroup = 202EB7BA1E28B47E00619831;
			productRefGroup = 202EB7C41E28B47E00619831 /* Products */;
			projectDirPath = "";
			projectRoot = "";
			targets = (
				202EB7C21E28B47E00619831 /* MultiCustomUIComponent */,
			);
		};
/* End PBXProject section */

/* Begin PBXResourcesBuildPhase section */
		202EB7C11E28B47E00619831 /* Resources */ = {
			isa = PBXResourcesBuildPhase;
			buildActionMask = 2147483647;
			files = (
				20385B711E34C0D300445564 /* tips_info@2x.png in Resources */,
				20385B701E34C0D300445564 /* tips_error@3x.png in Resources */,
				202EB7D61E28B47E00619831 /* LaunchScreen.storyboard in Resources */,
				20385B721E34C0D300445564 /* tips_info@3x.png in Resources */,
				20385B6F1E34C0D300445564 /* tips_error@2x.png in Resources */,
				202EB7E81E28D7C600619831 /* name01.jpeg in Resources */,
				202EB7D31E28B47E00619831 /* Assets.xcassets in Resources */,
				20385B6E1E34C0D300445564 /* tips_done@3x.png in Resources */,
				202EB7D11E28B47E00619831 /* Main.storyboard in Resources */,
				20385B6D1E34C0D300445564 /* tips_done@2x.png in Resources */,
			);
			runOnlyForDeploymentPostprocessing = 0;
		};
/* End PBXResourcesBuildPhase section */

/* Begin PBXSourcesBuildPhase section */
		202EB7BF1E28B47E00619831 /* Sources */ = {
			isa = PBXSourcesBuildPhase;
			buildActionMask = 2147483647;
			files = (
				20385B861E34C27800445564 /* AppCommonHelper.m in Sources */,
				20385B761E34C0D300445564 /* ToastContentView.m in Sources */,
				20385B741E34C0D300445564 /* ToastAnimator.m in Sources */,
				20385B811E34C25B00445564 /* TestToastViewController.m in Sources */,
				202EB7DF1E28B4CA00619831 /* ModalPresentationViewController.m in Sources */,
				20385B731E34C0D300445564 /* TipsView.m in Sources */,
				20385B771E34C0D300445564 /* ToastView.m in Sources */,
				20B82EDD1E35DD67005B0DED /* ActionSheetViewController.m in Sources */,
				20B82E831E3595A7005B0DED /* CustomToastAnimator.m in Sources */,
				202EB7E51E28D12900619831 /* ModalContentViewController.m in Sources */,
				202EB7E21E28B9F800619831 /* MultiCustomUIComponentVC.m in Sources */,
				20385B7E1E34C16200445564 /* MainViewController.m in Sources */,
				202EB7CB1E28B47E00619831 /* AppDelegate.m in Sources */,
				16A1D7C61E34FFD3003869B2 /* UIImageView+ImageFitSize.m in Sources */,
				20385B751E34C0D300445564 /* ToastBackgroundView.m in Sources */,
				202EB7C81E28B47E00619831 /* main.m in Sources */,
				20B82E841E3595A7005B0DED /* CustomToastContentView.m in Sources */,
			);
			runOnlyForDeploymentPostprocessing = 0;
		};
/* End PBXSourcesBuildPhase section */

/* Begin PBXVariantGroup section */
		202EB7CF1E28B47E00619831 /* Main.storyboard */ = {
			isa = PBXVariantGroup;
			children = (
				202EB7D01E28B47E00619831 /* Base */,
			);
			name = Main.storyboard;
			sourceTree = "<group>";
		};
		202EB7D41E28B47E00619831 /* LaunchScreen.storyboard */ = {
			isa = PBXVariantGroup;
			children = (
				202EB7D51E28B47E00619831 /* Base */,
			);
			name = LaunchScreen.storyboard;
			sourceTree = "<group>";
		};
/* End PBXVariantGroup section */

/* Begin XCBuildConfiguration section */
		202EB7D81E28B47E00619831 /* Debug */ = {
			isa = XCBuildConfiguration;
			buildSettings = {
				ALWAYS_SEARCH_USER_PATHS = NO;
				CLANG_ANALYZER_NONNULL = YES;
				CLANG_CXX_LANGUAGE_STANDARD = "gnu++0x";
				CLANG_CXX_LIBRARY = "libc++";
				CLANG_ENABLE_MODULES = YES;
				CLANG_ENABLE_OBJC_ARC = YES;
				CLANG_WARN_BOOL_CONVERSION = YES;
				CLANG_WARN_CONSTANT_CONVERSION = YES;
				CLANG_WARN_DIRECT_OBJC_ISA_USAGE = YES_ERROR;
				CLANG_WARN_DOCUMENTATION_COMMENTS = YES;
				CLANG_WARN_EMPTY_BODY = YES;
				CLANG_WARN_ENUM_CONVERSION = YES;
				CLANG_WARN_INFINITE_RECURSION = YES;
				CLANG_WARN_INT_CONVERSION = YES;
				CLANG_WARN_OBJC_ROOT_CLASS = YES_ERROR;
				CLANG_WARN_SUSPICIOUS_MOVE = YES;
				CLANG_WARN_UNREACHABLE_CODE = YES;
				CLANG_WARN__DUPLICATE_METHOD_MATCH = YES;
				"CODE_SIGN_IDENTITY[sdk=iphoneos*]" = "iPhone Developer";
				COPY_PHASE_STRIP = NO;
				DEBUG_INFORMATION_FORMAT = dwarf;
				ENABLE_STRICT_OBJC_MSGSEND = YES;
				ENABLE_TESTABILITY = YES;
				GCC_C_LANGUAGE_STANDARD = gnu99;
				GCC_DYNAMIC_NO_PIC = NO;
				GCC_NO_COMMON_BLOCKS = YES;
				GCC_OPTIMIZATION_LEVEL = 0;
				GCC_PREPROCESSOR_DEFINITIONS = (
					"DEBUG=1",
					"$(inherited)",
				);
				GCC_WARN_64_TO_32_BIT_CONVERSION = YES;
				GCC_WARN_ABOUT_RETURN_TYPE = YES_ERROR;
				GCC_WARN_UNDECLARED_SELECTOR = YES;
				GCC_WARN_UNINITIALIZED_AUTOS = YES_AGGRESSIVE;
				GCC_WARN_UNUSED_FUNCTION = YES;
				GCC_WARN_UNUSED_VARIABLE = YES;
				IPHONEOS_DEPLOYMENT_TARGET = 10.2;
				MTL_ENABLE_DEBUG_INFO = YES;
				ONLY_ACTIVE_ARCH = YES;
				SDKROOT = iphoneos;
			};
			name = Debug;
		};
		202EB7D91E28B47E00619831 /* Release */ = {
			isa = XCBuildConfiguration;
			buildSettings = {
				ALWAYS_SEARCH_USER_PATHS = NO;
				CLANG_ANALYZER_NONNULL = YES;
				CLANG_CXX_LANGUAGE_STANDARD = "gnu++0x";
				CLANG_CXX_LIBRARY = "libc++";
				CLANG_ENABLE_MODULES = YES;
				CLANG_ENABLE_OBJC_ARC = YES;
				CLANG_WARN_BOOL_CONVERSION = YES;
				CLANG_WARN_CONSTANT_CONVERSION = YES;
				CLANG_WARN_DIRECT_OBJC_ISA_USAGE = YES_ERROR;
				CLANG_WARN_DOCUMENTATION_COMMENTS = YES;
				CLANG_WARN_EMPTY_BODY = YES;
				CLANG_WARN_ENUM_CONVERSION = YES;
				CLANG_WARN_INFINITE_RECURSION = YES;
				CLANG_WARN_INT_CONVERSION = YES;
				CLANG_WARN_OBJC_ROOT_CLASS = YES_ERROR;
				CLANG_WARN_SUSPICIOUS_MOVE = YES;
				CLANG_WARN_UNREACHABLE_CODE = YES;
				CLANG_WARN__DUPLICATE_METHOD_MATCH = YES;
				"CODE_SIGN_IDENTITY[sdk=iphoneos*]" = "iPhone Developer";
				COPY_PHASE_STRIP = NO;
				DEBUG_INFORMATION_FORMAT = "dwarf-with-dsym";
				ENABLE_NS_ASSERTIONS = NO;
				ENABLE_STRICT_OBJC_MSGSEND = YES;
				GCC_C_LANGUAGE_STANDARD = gnu99;
				GCC_NO_COMMON_BLOCKS = YES;
				GCC_WARN_64_TO_32_BIT_CONVERSION = YES;
				GCC_WARN_ABOUT_RETURN_TYPE = YES_ERROR;
				GCC_WARN_UNDECLARED_SELECTOR = YES;
				GCC_WARN_UNINITIALIZED_AUTOS = YES_AGGRESSIVE;
				GCC_WARN_UNUSED_FUNCTION = YES;
				GCC_WARN_UNUSED_VARIABLE = YES;
				IPHONEOS_DEPLOYMENT_TARGET = 10.2;
				MTL_ENABLE_DEBUG_INFO = NO;
				SDKROOT = iphoneos;
				VALIDATE_PRODUCT = YES;
			};
			name = Release;
		};
		202EB7DB1E28B47E00619831 /* Debug */ = {
			isa = XCBuildConfiguration;
			buildSettings = {
				ASSETCATALOG_COMPILER_APPICON_NAME = AppIcon;
				DEVELOPMENT_TEAM = DSHJC97KG4;
				GCC_PREFIX_HEADER = "";
				INFOPLIST_FILE = MultiCustomUIComponent/Info.plist;
				IPHONEOS_DEPLOYMENT_TARGET = 8.0;
				LD_RUNPATH_SEARCH_PATHS = "$(inherited) @executable_path/Frameworks";
				PRODUCT_BUNDLE_IDENTIFIER = com.wdy.nav.MultiCustomUIComponent;
				PRODUCT_NAME = "$(TARGET_NAME)";
			};
			name = Debug;
		};
		202EB7DC1E28B47E00619831 /* Release */ = {
			isa = XCBuildConfiguration;
			buildSettings = {
				ASSETCATALOG_COMPILER_APPICON_NAME = AppIcon;
				DEVELOPMENT_TEAM = DSHJC97KG4;
				GCC_PREFIX_HEADER = "";
				INFOPLIST_FILE = MultiCustomUIComponent/Info.plist;
				IPHONEOS_DEPLOYMENT_TARGET = 8.0;
				LD_RUNPATH_SEARCH_PATHS = "$(inherited) @executable_path/Frameworks";
				PRODUCT_BUNDLE_IDENTIFIER = com.wdy.nav.MultiCustomUIComponent;
				PRODUCT_NAME = "$(TARGET_NAME)";
			};
			name = Release;
		};
/* End XCBuildConfiguration section */

/* Begin XCConfigurationList section */
		202EB7BE1E28B47E00619831 /* Build configuration list for PBXProject "MultiCustomUIComponent" */ = {
			isa = XCConfigurationList;
			buildConfigurations = (
				202EB7D81E28B47E00619831 /* Debug */,
				202EB7D91E28B47E00619831 /* Release */,
			);
			defaultConfigurationIsVisible = 0;
			defaultConfigurationName = Release;
		};
		202EB7DA1E28B47E00619831 /* Build configuration list for PBXNativeTarget "MultiCustomUIComponent" */ = {
			isa = XCConfigurationList;
			buildConfigurations = (
				202EB7DB1E28B47E00619831 /* Debug */,
				202EB7DC1E28B47E00619831 /* Release */,
			);
			defaultConfigurationIsVisible = 0;
			defaultConfigurationName = Release;
		};
/* End XCConfigurationList section */
	};
	rootObject = 202EB7BB1E28B47E00619831 /* Project object */;
}
