// !$*UTF8*$!
{
	archiveVersion = 1;
	classes = {
	};
	objectVersion = 46;
	objects = {

/* Begin PBXBuildFile section */
		20D78CCE1E7792580000D5A1 /* AppDelegate.m in Sources */ = {isa = PBXBuildFile; fileRef = 20D78CCD1E7792580000D5A1 /* AppDelegate.m */; };
		20D78CD11E7792580000D5A1 /* main.m in Sources */ = {isa = PBXBuildFile; fileRef = 20D78CD01E7792580000D5A1 /* main.m */; };
		20D78CD41E7792580000D5A1 /* ViewController.m in Sources */ = {isa = PBXBuildFile; fileRef = 20D78CD31E7792580000D5A1 /* ViewController.m */; };
		20D78CD61E7792580000D5A1 /* Assets.xcassets in Resources */ = {isa = PBXBuildFile; fileRef = 20D78CD51E7792580000D5A1 /* Assets.xcassets */; };
		20D78CD91E7792580000D5A1 /* Main.storyboard in Resources */ = {isa = PBXBuildFile; fileRef = 20D78CD71E7792580000D5A1 /* Main.storyboard */; };
		20D78CE41E7792580000D5A1 /* Mac____UITests.m in Sources */ = {isa = PBXBuildFile; fileRef = 20D78CE31E7792580000D5A1 /* Mac____UITests.m */; };
/* End PBXBuildFile section */

/* Begin PBXContainerItemProxy section */
		20D78CE01E7792580000D5A1 /* PBXContainerItemProxy */ = {
			isa = PBXContainerItemProxy;
			containerPortal = 20D78CC11E7792580000D5A1 /* Project object */;
			proxyType = 1;
			remoteGlobalIDString = 20D78CC81E7792580000D5A1;
			remoteInfo = "Mac开发学习";
		};
/* End PBXContainerItemProxy section */

/* Begin PBXFileReference section */
		20D78CC91E7792580000D5A1 /* Mac开发学习.app */ = {isa = PBXFileReference; explicitFileType = wrapper.application; includeInIndex = 0; path = "Mac开发学习.app"; sourceTree = BUILT_PRODUCTS_DIR; };
		20D78CCC1E7792580000D5A1 /* AppDelegate.h */ = {isa = PBXFileReference; lastKnownFileType = sourcecode.c.h; path = AppDelegate.h; sourceTree = "<group>"; };
		20D78CCD1E7792580000D5A1 /* AppDelegate.m */ = {isa = PBXFileReference; lastKnownFileType = sourcecode.c.objc; path = AppDelegate.m; sourceTree = "<group>"; };
		20D78CD01E7792580000D5A1 /* main.m */ = {isa = PBXFileReference; lastKnownFileType = sourcecode.c.objc; path = main.m; sourceTree = "<group>"; };
		20D78CD21E7792580000D5A1 /* ViewController.h */ = {isa = PBXFileReference; lastKnownFileType = sourcecode.c.h; path = ViewController.h; sourceTree = "<group>"; };
		20D78CD31E7792580000D5A1 /* ViewController.m */ = {isa = PBXFileReference; lastKnownFileType = sourcecode.c.objc; path = ViewController.m; sourceTree = "<group>"; };
		20D78CD51E7792580000D5A1 /* Assets.xcassets */ = {isa = PBXFileReference; lastKnownFileType = folder.assetcatalog; path = Assets.xcassets; sourceTree = "<group>"; };
		20D78CD81E7792580000D5A1 /* Base */ = {isa = PBXFileReference; lastKnownFileType = file.storyboard; name = Base; path = Base.lproj/Main.storyboard; sourceTree = "<group>"; };
		20D78CDA1E7792580000D5A1 /* Info.plist */ = {isa = PBXFileReference; lastKnownFileType = text.plist.xml; path = Info.plist; sourceTree = "<group>"; };
		20D78CDF1E7792580000D5A1 /* Mac开发学习UITests.xctest */ = {isa = PBXFileReference; explicitFileType = wrapper.cfbundle; includeInIndex = 0; path = "Mac开发学习UITests.xctest"; sourceTree = BUILT_PRODUCTS_DIR; };
		20D78CE31E7792580000D5A1 /* Mac____UITests.m */ = {isa = PBXFileReference; lastKnownFileType = sourcecode.c.objc; path = "Mac____UITests.m"; sourceTree = "<group>"; };
		20D78CE51E7792580000D5A1 /* Info.plist */ = {isa = PBXFileReference; lastKnownFileType = text.plist.xml; path = Info.plist; sourceTree = "<group>"; };
/* End PBXFileReference section */

/* Begin PBXFrameworksBuildPhase section */
		20D78CC61E7792580000D5A1 /* Frameworks */ = {
			isa = PBXFrameworksBuildPhase;
			buildActionMask = 2147483647;
			files = (
			);
			runOnlyForDeploymentPostprocessing = 0;
		};
		20D78CDC1E7792580000D5A1 /* Frameworks */ = {
			isa = PBXFrameworksBuildPhase;
			buildActionMask = 2147483647;
			files = (
			);
			runOnlyForDeploymentPostprocessing = 0;
		};
/* End PBXFrameworksBuildPhase section */

/* Begin PBXGroup section */
		20D78CC01E7792580000D5A1 = {
			isa = PBXGroup;
			children = (
				20D78CCB1E7792580000D5A1 /* Mac开发学习 */,
				20D78CE21E7792580000D5A1 /* Mac开发学习UITests */,
				20D78CCA1E7792580000D5A1 /* Products */,
			);
			sourceTree = "<group>";
		};
		20D78CCA1E7792580000D5A1 /* Products */ = {
			isa = PBXGroup;
			children = (
				20D78CC91E7792580000D5A1 /* Mac开发学习.app */,
				20D78CDF1E7792580000D5A1 /* Mac开发学习UITests.xctest */,
			);
			name = Products;
			sourceTree = "<group>";
		};
		20D78CCB1E7792580000D5A1 /* Mac开发学习 */ = {
			isa = PBXGroup;
			children = (
				20D78CCC1E7792580000D5A1 /* AppDelegate.h */,
				20D78CCD1E7792580000D5A1 /* AppDelegate.m */,
				20D78CD21E7792580000D5A1 /* ViewController.h */,
				20D78CD31E7792580000D5A1 /* ViewController.m */,
				20D78CD51E7792580000D5A1 /* Assets.xcassets */,
				20D78CD71E7792580000D5A1 /* Main.storyboard */,
				20D78CDA1E7792580000D5A1 /* Info.plist */,
				20D78CCF1E7792580000D5A1 /* Supporting Files */,
			);
			path = "Mac开发学习";
			sourceTree = "<group>";
		};
		20D78CCF1E7792580000D5A1 /* Supporting Files */ = {
			isa = PBXGroup;
			children = (
				20D78CD01E7792580000D5A1 /* main.m */,
			);
			name = "Supporting Files";
			sourceTree = "<group>";
		};
		20D78CE21E7792580000D5A1 /* Mac开发学习UITests */ = {
			isa = PBXGroup;
			children = (
				20D78CE31E7792580000D5A1 /* Mac____UITests.m */,
				20D78CE51E7792580000D5A1 /* Info.plist */,
			);
			path = "Mac开发学习UITests";
			sourceTree = "<group>";
		};
/* End PBXGroup section */

/* Begin PBXNativeTarget section */
		20D78CC81E7792580000D5A1 /* Mac开发学习 */ = {
			isa = PBXNativeTarget;
			buildConfigurationList = 20D78CE81E7792580000D5A1 /* Build configuration list for PBXNativeTarget "Mac开发学习" */;
			buildPhases = (
				20D78CC51E7792580000D5A1 /* Sources */,
				20D78CC61E7792580000D5A1 /* Frameworks */,
				20D78CC71E7792580000D5A1 /* Resources */,
			);
			buildRules = (
			);
			dependencies = (
			);
			name = "Mac开发学习";
			productName = "Mac开发学习";
			productReference = 20D78CC91E7792580000D5A1 /* Mac开发学习.app */;
			productType = "com.apple.product-type.application";
		};
		20D78CDE1E7792580000D5A1 /* Mac开发学习UITests */ = {
			isa = PBXNativeTarget;
			buildConfigurationList = 20D78CEB1E7792580000D5A1 /* Build configuration list for PBXNativeTarget "Mac开发学习UITests" */;
			buildPhases = (
				20D78CDB1E7792580000D5A1 /* Sources */,
				20D78CDC1E7792580000D5A1 /* Frameworks */,
				20D78CDD1E7792580000D5A1 /* Resources */,
			);
			buildRules = (
			);
			dependencies = (
				20D78CE11E7792580000D5A1 /* PBXTargetDependency */,
			);
			name = "Mac开发学习UITests";
			productName = "Mac开发学习UITests";
			productReference = 20D78CDF1E7792580000D5A1 /* Mac开发学习UITests.xctest */;
			productType = "com.apple.product-type.bundle.ui-testing";
		};
/* End PBXNativeTarget section */

/* Begin PBXProject section */
		20D78CC11E7792580000D5A1 /* Project object */ = {
			isa = PBXProject;
			attributes = {
				LastUpgradeCheck = 0820;
				ORGANIZATIONNAME = osDev;
				TargetAttributes = {
					20D78CC81E7792580000D5A1 = {
						CreatedOnToolsVersion = 8.2.1;
						DevelopmentTeam = VRGWDFH359;
						ProvisioningStyle = Automatic;
					};
					20D78CDE1E7792580000D5A1 = {
						CreatedOnToolsVersion = 8.2.1;
						DevelopmentTeam = VRGWDFH359;
						ProvisioningStyle = Automatic;
						TestTargetID = 20D78CC81E7792580000D5A1;
					};
				};
			};
			buildConfigurationList = 20D78CC41E7792580000D5A1 /* Build configuration list for PBXProject "Mac开发学习" */;
			compatibilityVersion = "Xcode 3.2";
			developmentRegion = English;
			hasScannedForEncodings = 0;
			knownRegions = (
				en,
				Base,
			);
			mainGroup = 20D78CC01E7792580000D5A1;
			productRefGroup = 20D78CCA1E7792580000D5A1 /* Products */;
			projectDirPath = "";
			projectRoot = "";
			targets = (
				20D78CC81E7792580000D5A1 /* Mac开发学习 */,
				20D78CDE1E7792580000D5A1 /* Mac开发学习UITests */,
			);
		};
/* End PBXProject section */

/* Begin PBXResourcesBuildPhase section */
		20D78CC71E7792580000D5A1 /* Resources */ = {
			isa = PBXResourcesBuildPhase;
			buildActionMask = 2147483647;
			files = (
				20D78CD61E7792580000D5A1 /* Assets.xcassets in Resources */,
				20D78CD91E7792580000D5A1 /* Main.storyboard in Resources */,
			);
			runOnlyForDeploymentPostprocessing = 0;
		};
		20D78CDD1E7792580000D5A1 /* Resources */ = {
			isa = PBXResourcesBuildPhase;
			buildActionMask = 2147483647;
			files = (
			);
			runOnlyForDeploymentPostprocessing = 0;
		};
/* End PBXResourcesBuildPhase section */

/* Begin PBXSourcesBuildPhase section */
		20D78CC51E7792580000D5A1 /* Sources */ = {
			isa = PBXSourcesBuildPhase;
			buildActionMask = 2147483647;
			files = (
				20D78CD41E7792580000D5A1 /* ViewController.m in Sources */,
				20D78CD11E7792580000D5A1 /* main.m in Sources */,
				20D78CCE1E7792580000D5A1 /* AppDelegate.m in Sources */,
			);
			runOnlyForDeploymentPostprocessing = 0;
		};
		20D78CDB1E7792580000D5A1 /* Sources */ = {
			isa = PBXSourcesBuildPhase;
			buildActionMask = 2147483647;
			files = (
				20D78CE41E7792580000D5A1 /* Mac____UITests.m in Sources */,
			);
			runOnlyForDeploymentPostprocessing = 0;
		};
/* End PBXSourcesBuildPhase section */

/* Begin PBXTargetDependency section */
		20D78CE11E7792580000D5A1 /* PBXTargetDependency */ = {
			isa = PBXTargetDependency;
			target = 20D78CC81E7792580000D5A1 /* Mac开发学习 */;
			targetProxy = 20D78CE01E7792580000D5A1 /* PBXContainerItemProxy */;
		};
/* End PBXTargetDependency section */

/* Begin PBXVariantGroup section */
		20D78CD71E7792580000D5A1 /* Main.storyboard */ = {
			isa = PBXVariantGroup;
			children = (
				20D78CD81E7792580000D5A1 /* Base */,
			);
			name = Main.storyboard;
			sourceTree = "<group>";
		};
/* End PBXVariantGroup section */

/* Begin XCBuildConfiguration section */
		20D78CE61E7792580000D5A1 /* Debug */ = {
			isa = XCBuildConfiguration;
			buildSettings = {
				ALWAYS_SEARCH_USER_PATHS = NO;
				CLANG_ANALYZER_NONNULL = YES;
				CLANG_CXX_LANGUAGE_STANDARD = "gnu++0x";
				CLANG_CXX_LIBRARY = "libc++";
				CLANG_ENABLE_MODULES = YES;
				CLANG_ENABLE_OBJC_ARC = YES;
				CLANG_WARN_BOOL_CONVERSION = YES;
				CLANG_WARN_CONSTANT_CONVERSION = YES;
				CLANG_WARN_DIRECT_OBJC_ISA_USAGE = YES_ERROR;
				CLANG_WARN_DOCUMENTATION_COMMENTS = YES;
				CLANG_WARN_EMPTY_BODY = YES;
				CLANG_WARN_ENUM_CONVERSION = YES;
				CLANG_WARN_INFINITE_RECURSION = YES;
				CLANG_WARN_INT_CONVERSION = YES;
				CLANG_WARN_OBJC_ROOT_CLASS = YES_ERROR;
				CLANG_WARN_SUSPICIOUS_MOVE = YES;
				CLANG_WARN_UNREACHABLE_CODE = YES;
				CLANG_WARN__DUPLICATE_METHOD_MATCH = YES;
				CODE_SIGN_IDENTITY = "-";
				COPY_PHASE_STRIP = NO;
				DEBUG_INFORMATION_FORMAT = dwarf;
				ENABLE_STRICT_OBJC_MSGSEND = YES;
				ENABLE_TESTABILITY = YES;
				GCC_C_LANGUAGE_STANDARD = gnu99;
				GCC_DYNAMIC_NO_PIC = NO;
				GCC_NO_COMMON_BLOCKS = YES;
				GCC_OPTIMIZATION_LEVEL = 0;
				GCC_PREPROCESSOR_DEFINITIONS = (
					"DEBUG=1",
					"$(inherited)",
				);
				GCC_WARN_64_TO_32_BIT_CONVERSION = YES;
				GCC_WARN_ABOUT_RETURN_TYPE = YES_ERROR;
				GCC_WARN_UNDECLARED_SELECTOR = YES;
				GCC_WARN_UNINITIALIZED_AUTOS = YES_AGGRESSIVE;
				GCC_WARN_UNUSED_FUNCTION = YES;
				GCC_WARN_UNUSED_VARIABLE = YES;
				MACOSX_DEPLOYMENT_TARGET = 10.11;
				MTL_ENABLE_DEBUG_INFO = YES;
				ONLY_ACTIVE_ARCH = YES;
				SDKROOT = macosx;
			};
			name = Debug;
		};
		20D78CE71E7792580000D5A1 /* Release */ = {
			isa = XCBuildConfiguration;
			buildSettings = {
				ALWAYS_SEARCH_USER_PATHS = NO;
				CLANG_ANALYZER_NONNULL = YES;
				CLANG_CXX_LANGUAGE_STANDARD = "gnu++0x";
				CLANG_CXX_LIBRARY = "libc++";
				CLANG_ENABLE_MODULES = YES;
				CLANG_ENABLE_OBJC_ARC = YES;
				CLANG_WARN_BOOL_CONVERSION = YES;
				CLANG_WARN_CONSTANT_CONVERSION = YES;
				CLANG_WARN_DIRECT_OBJC_ISA_USAGE = YES_ERROR;
				CLANG_WARN_DOCUMENTATION_COMMENTS = YES;
				CLANG_WARN_EMPTY_BODY = YES;
				CLANG_WARN_ENUM_CONVERSION = YES;
				CLANG_WARN_INFINITE_RECURSION = YES;
				CLANG_WARN_INT_CONVERSION = YES;
				CLANG_WARN_OBJC_ROOT_CLASS = YES_ERROR;
				CLANG_WARN_SUSPICIOUS_MOVE = YES;
				CLANG_WARN_UNREACHABLE_CODE = YES;
				CLANG_WARN__DUPLICATE_METHOD_MATCH = YES;
				CODE_SIGN_IDENTITY = "-";
				COPY_PHASE_STRIP = NO;
				DEBUG_INFORMATION_FORMAT = "dwarf-with-dsym";
				ENABLE_NS_ASSERTIONS = NO;
				ENABLE_STRICT_OBJC_MSGSEND = YES;
				GCC_C_LANGUAGE_STANDARD = gnu99;
				GCC_NO_COMMON_BLOCKS = YES;
				GCC_WARN_64_TO_32_BIT_CONVERSION = YES;
				GCC_WARN_ABOUT_RETURN_TYPE = YES_ERROR;
				GCC_WARN_UNDECLARED_SELECTOR = YES;
				GCC_WARN_UNINITIALIZED_AUTOS = YES_AGGRESSIVE;
				GCC_WARN_UNUSED_FUNCTION = YES;
				GCC_WARN_UNUSED_VARIABLE = YES;
				MACOSX_DEPLOYMENT_TARGET = 10.11;
				MTL_ENABLE_DEBUG_INFO = NO;
				SDKROOT = macosx;
			};
			name = Release;
		};
		20D78CE91E7792580000D5A1 /* Debug */ = {
			isa = XCBuildConfiguration;
			buildSettings = {
				ASSETCATALOG_COMPILER_APPICON_NAME = AppIcon;
				COMBINE_HIDPI_IMAGES = YES;
				DEVELOPMENT_TEAM = VRGWDFH359;
				INFOPLIST_FILE = "Mac开发学习/Info.plist";
				LD_RUNPATH_SEARCH_PATHS = "$(inherited) @executable_path/../Frameworks";
				PRODUCT_BUNDLE_IDENTIFIER = "com.wdy.Mac----";
				PRODUCT_NAME = "$(TARGET_NAME)";
			};
			name = Debug;
		};
		20D78CEA1E7792580000D5A1 /* Release */ = {
			isa = XCBuildConfiguration;
			buildSettings = {
				ASSETCATALOG_COMPILER_APPICON_NAME = AppIcon;
				COMBINE_HIDPI_IMAGES = YES;
				DEVELOPMENT_TEAM = VRGWDFH359;
				INFOPLIST_FILE = "Mac开发学习/Info.plist";
				LD_RUNPATH_SEARCH_PATHS = "$(inherited) @executable_path/../Frameworks";
				PRODUCT_BUNDLE_IDENTIFIER = "com.wdy.Mac----";
				PRODUCT_NAME = "$(TARGET_NAME)";
			};
			name = Release;
		};
		20D78CEC1E7792580000D5A1 /* Debug */ = {
			isa = XCBuildConfiguration;
			buildSettings = {
				COMBINE_HIDPI_IMAGES = YES;
				DEVELOPMENT_TEAM = VRGWDFH359;
				INFOPLIST_FILE = "Mac开发学习UITests/Info.plist";
				LD_RUNPATH_SEARCH_PATHS = "$(inherited) @executable_path/../Frameworks @loader_path/../Frameworks";
				PRODUCT_BUNDLE_IDENTIFIER = "com.wdy.Mac----UITests";
				PRODUCT_NAME = "$(TARGET_NAME)";
				TEST_TARGET_NAME = "Mac开发学习";
			};
			name = Debug;
		};
		20D78CED1E7792580000D5A1 /* Release */ = {
			isa = XCBuildConfiguration;
			buildSettings = {
				COMBINE_HIDPI_IMAGES = YES;
				DEVELOPMENT_TEAM = VRGWDFH359;
				INFOPLIST_FILE = "Mac开发学习UITests/Info.plist";
				LD_RUNPATH_SEARCH_PATHS = "$(inherited) @executable_path/../Frameworks @loader_path/../Frameworks";
				PRODUCT_BUNDLE_IDENTIFIER = "com.wdy.Mac----UITests";
				PRODUCT_NAME = "$(TARGET_NAME)";
				TEST_TARGET_NAME = "Mac开发学习";
			};
			name = Release;
		};
/* End XCBuildConfiguration section */

/* Begin XCConfigurationList section */
		20D78CC41E7792580000D5A1 /* Build configuration list for PBXProject "Mac开发学习" */ = {
			isa = XCConfigurationList;
			buildConfigurations = (
				20D78CE61E7792580000D5A1 /* Debug */,
				20D78CE71E7792580000D5A1 /* Release */,
			);
			defaultConfigurationIsVisible = 0;
			defaultConfigurationName = Release;
		};
		20D78CE81E7792580000D5A1 /* Build configuration list for PBXNativeTarget "Mac开发学习" */ = {
			isa = XCConfigurationList;
			buildConfigurations = (
				20D78CE91E7792580000D5A1 /* Debug */,
				20D78CEA1E7792580000D5A1 /* Release */,
			);
			defaultConfigurationIsVisible = 0;
		};
		20D78CEB1E7792580000D5A1 /* Build configuration list for PBXNativeTarget "Mac开发学习UITests" */ = {
			isa = XCConfigurationList;
			buildConfigurations = (
				20D78CEC1E7792580000D5A1 /* Debug */,
				20D78CED1E7792580000D5A1 /* Release */,
			);
			defaultConfigurationIsVisible = 0;
		};
/* End XCConfigurationList section */
	};
	rootObject = 20D78CC11E7792580000D5A1 /* Project object */;
}
